// !$*UTF8*$!
{
	archiveVersion = 1;
	classes = {
	};
	objectVersion = 46;
	objects = {

/* Begin PBXBuildFile section */
		BDB63D9A19D28BFB003027D8 /* main.m in Sources */ = {isa = PBXBuildFile; fileRef = BDB63D9919D28BFB003027D8 /* main.m */; };
		BDB63D9D19D28BFB003027D8 /* AppDelegate.m in Sources */ = {isa = PBXBuildFile; fileRef = BDB63D9C19D28BFB003027D8 /* AppDelegate.m */; };
		BDB63DA019D28BFB003027D8 /* ViewController.m in Sources */ = {isa = PBXBuildFile; fileRef = BDB63D9F19D28BFB003027D8 /* ViewController.m */; };
		BDB63DA319D28BFB003027D8 /* Main.storyboard in Resources */ = {isa = PBXBuildFile; fileRef = BDB63DA119D28BFB003027D8 /* Main.storyboard */; };
		BDB63DA519D28BFB003027D8 /* Images.xcassets in Resources */ = {isa = PBXBuildFile; fileRef = BDB63DA419D28BFB003027D8 /* Images.xcassets */; };
		BDB63DA819D28BFB003027D8 /* LaunchScreen.xib in Resources */ = {isa = PBXBuildFile; fileRef = BDB63DA619D28BFB003027D8 /* LaunchScreen.xib */; };
		BDB63DB419D28BFB003027D8 /* RingPracticeTests.m in Sources */ = {isa = PBXBuildFile; fileRef = BDB63DB319D28BFB003027D8 /* RingPracticeTests.m */; };
/* End PBXBuildFile section */

/* Begin PBXContainerItemProxy section */
		BDB63DAE19D28BFB003027D8 /* PBXContainerItemProxy */ = {
			isa = PBXContainerItemProxy;
			containerPortal = BDB63D8C19D28BFB003027D8 /* Project object */;
			proxyType = 1;
			remoteGlobalIDString = BDB63D9319D28BFB003027D8;
			remoteInfo = RingPractice;
		};
/* End PBXContainerItemProxy section */

/* Begin PBXFileReference section */
		BDB63D9419D28BFB003027D8 /* RingPractice.app */ = {isa = PBXFileReference; explicitFileType = wrapper.application; includeInIndex = 0; path = RingPractice.app; sourceTree = BUILT_PRODUCTS_DIR; };
		BDB63D9819D28BFB003027D8 /* Info.plist */ = {isa = PBXFileReference; lastKnownFileType = text.plist.xml; path = Info.plist; sourceTree = "<group>"; };
		BDB63D9919D28BFB003027D8 /* main.m */ = {isa = PBXFileReference; lastKnownFileType = sourcecode.c.objc; path = main.m; sourceTree = "<group>"; };
		BDB63D9B19D28BFB003027D8 /* AppDelegate.h */ = {isa = PBXFileReference; lastKnownFileType = sourcecode.c.h; path = AppDelegate.h; sourceTree = "<group>"; };
		BDB63D9C19D28BFB003027D8 /* AppDelegate.m */ = {isa = PBXFileReference; lastKnownFileType = sourcecode.c.objc; path = AppDelegate.m; sourceTree = "<group>"; };
		BDB63D9E19D28BFB003027D8 /* ViewController.h */ = {isa = PBXFileReference; lastKnownFileType = sourcecode.c.h; path = ViewController.h; sourceTree = "<group>"; };
		BDB63D9F19D28BFB003027D8 /* ViewController.m */ = {isa = PBXFileReference; lastKnownFileType = sourcecode.c.objc; path = ViewController.m; sourceTree = "<group>"; };
		BDB63DA219D28BFB003027D8 /* Base */ = {isa = PBXFileReference; lastKnownFileType = file.storyboard; name = Base; path = Base.lproj/Main.storyboard; sourceTree = "<group>"; };
		BDB63DA419D28BFB003027D8 /* Images.xcassets */ = {isa = PBXFileReference; lastKnownFileType = folder.assetcatalog; path = Images.xcassets; sourceTree = "<group>"; };
		BDB63DA719D28BFB003027D8 /* Base */ = {isa = PBXFileReference; lastKnownFileType = file.xib; name = Base; path = Base.lproj/LaunchScreen.xib; sourceTree = "<group>"; };
		BDB63DAD19D28BFB003027D8 /* RingPracticeTests.xctest */ = {isa = PBXFileReference; explicitFileType = wrapper.cfbundle; includeInIndex = 0; path = RingPracticeTests.xctest; sourceTree = BUILT_PRODUCTS_DIR; };
		BDB63DB219D28BFB003027D8 /* Info.plist */ = {isa = PBXFileReference; lastKnownFileType = text.plist.xml; path = Info.plist; sourceTree = "<group>"; };
		BDB63DB319D28BFB003027D8 /* RingPracticeTests.m */ = {isa = PBXFileReference; lastKnownFileType = sourcecode.c.objc; path = RingPracticeTests.m; sourceTree = "<group>"; };
/* End PBXFileReference section */

/* Begin PBXFrameworksBuildPhase section */
		BDB63D9119D28BFB003027D8 /* Frameworks */ = {
			isa = PBXFrameworksBuildPhase;
			buildActionMask = 2147483647;
			files = (
			);
			runOnlyForDeploymentPostprocessing = 0;
		};
		BDB63DAA19D28BFB003027D8 /* Frameworks */ = {
			isa = PBXFrameworksBuildPhase;
			buildActionMask = 2147483647;
			files = (
			);
			runOnlyForDeploymentPostprocessing = 0;
		};
/* End PBXFrameworksBuildPhase section */

/* Begin PBXGroup section */
		BDB63D8B19D28BFB003027D8 = {
			isa = PBXGroup;
			children = (
				BDB63D9619D28BFB003027D8 /* RingPractice */,
				BDB63DB019D28BFB003027D8 /* RingPracticeTests */,
				BDB63D9519D28BFB003027D8 /* Products */,
			);
			sourceTree = "<group>";
		};
		BDB63D9519D28BFB003027D8 /* Products */ = {
			isa = PBXGroup;
			children = (
				BDB63D9419D28BFB003027D8 /* RingPractice.app */,
				BDB63DAD19D28BFB003027D8 /* RingPracticeTests.xctest */,
			);
			name = Products;
			sourceTree = "<group>";
		};
		BDB63D9619D28BFB003027D8 /* RingPractice */ = {
			isa = PBXGroup;
			children = (
				BDB63D9B19D28BFB003027D8 /* AppDelegate.h */,
				BDB63D9C19D28BFB003027D8 /* AppDelegate.m */,
				BDB63D9E19D28BFB003027D8 /* ViewController.h */,
				BDB63D9F19D28BFB003027D8 /* ViewController.m */,
				BDB63DA119D28BFB003027D8 /* Main.storyboard */,
				BDB63DA419D28BFB003027D8 /* Images.xcassets */,
				BDB63DA619D28BFB003027D8 /* LaunchScreen.xib */,
				BDB63D9719D28BFB003027D8 /* Supporting Files */,
			);
			path = RingPractice;
			sourceTree = "<group>";
		};
		BDB63D9719D28BFB003027D8 /* Supporting Files */ = {
			isa = PBXGroup;
			children = (
				BDB63D9819D28BFB003027D8 /* Info.plist */,
				BDB63D9919D28BFB003027D8 /* main.m */,
			);
			name = "Supporting Files";
			sourceTree = "<group>";
		};
		BDB63DB019D28BFB003027D8 /* RingPracticeTests */ = {
			isa = PBXGroup;
			children = (
				BDB63DB319D28BFB003027D8 /* RingPracticeTests.m */,
				BDB63DB119D28BFB003027D8 /* Supporting Files */,
			);
			path = RingPracticeTests;
			sourceTree = "<group>";
		};
		BDB63DB119D28BFB003027D8 /* Supporting Files */ = {
			isa = PBXGroup;
			children = (
				BDB63DB219D28BFB003027D8 /* Info.plist */,
			);
			name = "Supporting Files";
			sourceTree = "<group>";
		};
/* End PBXGroup section */

/* Begin PBXNativeTarget section */
		BDB63D9319D28BFB003027D8 /* RingPractice */ = {
			isa = PBXNativeTarget;
			buildConfigurationList = BDB63DB719D28BFB003027D8 /* Build configuration list for PBXNativeTarget "RingPractice" */;
			buildPhases = (
				BDB63D9019D28BFB003027D8 /* Sources */,
				BDB63D9119D28BFB003027D8 /* Frameworks */,
				BDB63D9219D28BFB003027D8 /* Resources */,
			);
			buildRules = (
			);
			dependencies = (
			);
			name = RingPractice;
			productName = RingPractice;
			productReference = BDB63D9419D28BFB003027D8 /* RingPractice.app */;
			productType = "com.apple.product-type.application";
		};
		BDB63DAC19D28BFB003027D8 /* RingPracticeTests */ = {
			isa = PBXNativeTarget;
			buildConfigurationList = BDB63DBA19D28BFB003027D8 /* Build configuration list for PBXNativeTarget "RingPracticeTests" */;
			buildPhases = (
				BDB63DA919D28BFB003027D8 /* Sources */,
				BDB63DAA19D28BFB003027D8 /* Frameworks */,
				BDB63DAB19D28BFB003027D8 /* Resources */,
			);
			buildRules = (
			);
			dependencies = (
				BDB63DAF19D28BFB003027D8 /* PBXTargetDependency */,
			);
			name = RingPracticeTests;
			productName = RingPracticeTests;
			productReference = BDB63DAD19D28BFB003027D8 /* RingPracticeTests.xctest */;
			productType = "com.apple.product-type.bundle.unit-test";
		};
/* End PBXNativeTarget section */

/* Begin PBXProject section */
		BDB63D8C19D28BFB003027D8 /* Project object */ = {
			isa = PBXProject;
			attributes = {
				LastUpgradeCheck = 0600;
				ORGANIZATIONNAME = Catinea;
				TargetAttributes = {
					BDB63D9319D28BFB003027D8 = {
						CreatedOnToolsVersion = 6.0;
					};
					BDB63DAC19D28BFB003027D8 = {
						CreatedOnToolsVersion = 6.0;
						TestTargetID = BDB63D9319D28BFB003027D8;
					};
				};
			};
			buildConfigurationList = BDB63D8F19D28BFB003027D8 /* Build configuration list for PBXProject "RingPractice" */;
			compatibilityVersion = "Xcode 3.2";
			developmentRegion = English;
			hasScannedForEncodings = 0;
			knownRegions = (
				en,
				Base,
			);
			mainGroup = BDB63D8B19D28BFB003027D8;
			productRefGroup = BDB63D9519D28BFB003027D8 /* Products */;
			projectDirPath = "";
			projectRoot = "";
			targets = (
				BDB63D9319D28BFB003027D8 /* RingPractice */,
				BDB63DAC19D28BFB003027D8 /* RingPracticeTests */,
			);
		};
/* End PBXProject section */

/* Begin PBXResourcesBuildPhase section */
		BDB63D9219D28BFB003027D8 /* Resources */ = {
			isa = PBXResourcesBuildPhase;
			buildActionMask = 2147483647;
			files = (
				BDB63DA319D28BFB003027D8 /* Main.storyboard in Resources */,
				BDB63DA819D28BFB003027D8 /* LaunchScreen.xib in Resources */,
				BDB63DA519D28BFB003027D8 /* Images.xcassets in Resources */,
			);
			runOnlyForDeploymentPostprocessing = 0;
		};
		BDB63DAB19D28BFB003027D8 /* Resources */ = {
			isa = PBXResourcesBuildPhase;
			buildActionMask = 2147483647;
			files = (
			);
			runOnlyForDeploymentPostprocessing = 0;
		};
/* End PBXResourcesBuildPhase section */

/* Begin PBXSourcesBuildPhase section */
		BDB63D9019D28BFB003027D8 /* Sources */ = {
			isa = PBXSourcesBuildPhase;
			buildActionMask = 2147483647;
			files = (
				BDB63DA019D28BFB003027D8 /* ViewController.m in Sources */,
				BDB63D9D19D28BFB003027D8 /* AppDelegate.m in Sources */,
				BDB63D9A19D28BFB003027D8 /* main.m in Sources */,
			);
			runOnlyForDeploymentPostprocessing = 0;
		};
		BDB63DA919D28BFB003027D8 /* Sources */ = {
			isa = PBXSourcesBuildPhase;
			buildActionMask = 2147483647;
			files = (
				BDB63DB419D28BFB003027D8 /* RingPracticeTests.m in Sources */,
			);
			runOnlyForDeploymentPostprocessing = 0;
		};
/* End PBXSourcesBuildPhase section */

/* Begin PBXTargetDependency section */
		BDB63DAF19D28BFB003027D8 /* PBXTargetDependency */ = {
			isa = PBXTargetDependency;
			target = BDB63D9319D28BFB003027D8 /* RingPractice */;
			targetProxy = BDB63DAE19D28BFB003027D8 /* PBXContainerItemProxy */;
		};
/* End PBXTargetDependency section */

/* Begin PBXVariantGroup section */
		BDB63DA119D28BFB003027D8 /* Main.storyboard */ = {
			isa = PBXVariantGroup;
			children = (
				BDB63DA219D28BFB003027D8 /* Base */,
			);
			name = Main.storyboard;
			sourceTree = "<group>";
		};
		BDB63DA619D28BFB003027D8 /* LaunchScreen.xib */ = {
			isa = PBXVariantGroup;
			children = (
				BDB63DA719D28BFB003027D8 /* Base */,
			);
			name = LaunchScreen.xib;
			sourceTree = "<group>";
		};
/* End PBXVariantGroup section */

/* Begin XCBuildConfiguration section */
		BDB63DB519D28BFB003027D8 /* Debug */ = {
			isa = XCBuildConfiguration;
			buildSettings = {
				ALWAYS_SEARCH_USER_PATHS = NO;
				CLANG_CXX_LANGUAGE_STANDARD = "gnu++0x";
				CLANG_CXX_LIBRARY = "libc++";
				CLANG_ENABLE_MODULES = YES;
				CLANG_ENABLE_OBJC_ARC = YES;
				CLANG_WARN_BOOL_CONVERSION = YES;
				CLANG_WARN_CONSTANT_CONVERSION = YES;
				CLANG_WARN_DIRECT_OBJC_ISA_USAGE = YES_ERROR;
				CLANG_WARN_EMPTY_BODY = YES;
				CLANG_WARN_ENUM_CONVERSION = YES;
				CLANG_WARN_INT_CONVERSION = YES;
				CLANG_WARN_OBJC_ROOT_CLASS = YES_ERROR;
				CLANG_WARN_UNREACHABLE_CODE = YES;
				CLANG_WARN__DUPLICATE_METHOD_MATCH = YES;
				"CODE_SIGN_IDENTITY[sdk=iphoneos*]" = "iPhone Developer";
				COPY_PHASE_STRIP = NO;
				ENABLE_STRICT_OBJC_MSGSEND = YES;
				GCC_C_LANGUAGE_STANDARD = gnu99;
				GCC_DYNAMIC_NO_PIC = NO;
				GCC_OPTIMIZATION_LEVEL = 0;
				GCC_PREPROCESSOR_DEFINITIONS = (
					"DEBUG=1",
					"$(inherited)",
				);
				GCC_SYMBOLS_PRIVATE_EXTERN = NO;
				GCC_WARN_64_TO_32_BIT_CONVERSION = YES;
				GCC_WARN_ABOUT_RETURN_TYPE = YES_ERROR;
				GCC_WARN_UNDECLARED_SELECTOR = YES;
				GCC_WARN_UNINITIALIZED_AUTOS = YES_AGGRESSIVE;
				GCC_WARN_UNUSED_FUNCTION = YES;
				GCC_WARN_UNUSED_VARIABLE = YES;
				IPHONEOS_DEPLOYMENT_TARGET = 8.0;
				MTL_ENABLE_DEBUG_INFO = YES;
				ONLY_ACTIVE_ARCH = YES;
				SDKROOT = iphoneos;
				TARGETED_DEVICE_FAMILY = "1,2";
			};
			name = Debug;
		};
		BDB63DB619D28BFB003027D8 /* Release */ = {
			isa = XCBuildConfiguration;
			buildSettings = {
				ALWAYS_SEARCH_USER_PATHS = NO;
				CLANG_CXX_LANGUAGE_STANDARD = "gnu++0x";
				CLANG_CXX_LIBRARY = "libc++";
				CLANG_ENABLE_MODULES = YES;
				CLANG_ENABLE_OBJC_ARC = YES;
				CLANG_WARN_BOOL_CONVERSION = YES;
				CLANG_WARN_CONSTANT_CONVERSION = YES;
				CLANG_WARN_DIRECT_OBJC_ISA_USAGE = YES_ERROR;
				CLANG_WARN_EMPTY_BODY = YES;
				CLANG_WARN_ENUM_CONVERSION = YES;
				CLANG_WARN_INT_CONVERSION = YES;
				CLANG_WARN_OBJC_ROOT_CLASS = YES_ERROR;
				CLANG_WARN_UNREACHABLE_CODE = YES;
				CLANG_WARN__DUPLICATE_METHOD_MATCH = YES;
				"CODE_SIGN_IDENTITY[sdk=iphoneos*]" = "iPhone Developer";
				COPY_PHASE_STRIP = YES;
				ENABLE_NS_ASSERTIONS = NO;
				ENABLE_STRICT_OBJC_MSGSEND = YES;
				GCC_C_LANGUAGE_STANDARD = gnu99;
				GCC_WARN_64_TO_32_BIT_CONVERSION = YES;
				GCC_WARN_ABOUT_RETURN_TYPE = YES_ERROR;
				GCC_WARN_UNDECLARED_SELECTOR = YES;
				GCC_WARN_UNINITIALIZED_AUTOS = YES_AGGRESSIVE;
				GCC_WARN_UNUSED_FUNCTION = YES;
				GCC_WARN_UNUSED_VARIABLE = YES;
				IPHONEOS_DEPLOYMENT_TARGET = 8.0;
				MTL_ENABLE_DEBUG_INFO = NO;
				SDKROOT = iphoneos;
				TARGETED_DEVICE_FAMILY = "1,2";
				VALIDATE_PRODUCT = YES;
			};
			name = Release;
		};
		BDB63DB819D28BFB003027D8 /* Debug */ = {
			isa = XCBuildConfiguration;
			buildSettings = {
				ASSETCATALOG_COMPILER_APPICON_NAME = AppIcon;
				INFOPLIST_FILE = RingPractice/Info.plist;
				LD_RUNPATH_SEARCH_PATHS = "$(inherited) @executable_path/Frameworks";
				PRODUCT_NAME = "$(TARGET_NAME)";
			};
			name = Debug;
		};
		BDB63DB919D28BFB003027D8 /* Release */ = {
			isa = XCBuildConfiguration;
			buildSettings = {
				ASSETCATALOG_COMPILER_APPICON_NAME = AppIcon;
				INFOPLIST_FILE = RingPractice/Info.plist;
				LD_RUNPATH_SEARCH_PATHS = "$(inherited) @executable_path/Frameworks";
				PRODUCT_NAME = "$(TARGET_NAME)";
			};
			name = Release;
		};
		BDB63DBB19D28BFB003027D8 /* Debug */ = {
			isa = XCBuildConfiguration;
			buildSettings = {
				BUNDLE_LOADER = "$(TEST_HOST)";
				FRAMEWORK_SEARCH_PATHS = (
					"$(SDKROOT)/Developer/Library/Frameworks",
					"$(inherited)",
				);
				GCC_PREPROCESSOR_DEFINITIONS = (
					"DEBUG=1",
					"$(inherited)",
				);
				INFOPLIST_FILE = RingPracticeTests/Info.plist;
				LD_RUNPATH_SEARCH_PATHS = "$(inherited) @executable_path/Frameworks @loader_path/Frameworks";
				PRODUCT_NAME = "$(TARGET_NAME)";
				TEST_HOST = "$(BUILT_PRODUCTS_DIR)/RingPractice.app/RingPractice";
			};
			name = Debug;
		};
		BDB63DBC19D28BFB003027D8 /* Release */ = {
			isa = XCBuildConfiguration;
			buildSettings = {
				BUNDLE_LOADER = "$(TEST_HOST)";
				FRAMEWORK_SEARCH_PATHS = (
					"$(SDKROOT)/Developer/Library/Frameworks",
					"$(inherited)",
				);
				INFOPLIST_FILE = RingPracticeTests/Info.plist;
				LD_RUNPATH_SEARCH_PATHS = "$(inherited) @executable_path/Frameworks @loader_path/Frameworks";
				PRODUCT_NAME = "$(TARGET_NAME)";
				TEST_HOST = "$(BUILT_PRODUCTS_DIR)/RingPractice.app/RingPractice";
			};
			name = Release;
		};
/* End XCBuildConfiguration section */

/* Begin XCConfigurationList section */
		BDB63D8F19D28BFB003027D8 /* Build configuration list for PBXProject "RingPractice" */ = {
			isa = XCConfigurationList;
			buildConfigurations = (
				BDB63DB519D28BFB003027D8 /* Debug */,
				BDB63DB619D28BFB003027D8 /* Release */,
			);
			defaultConfigurationIsVisible = 0;
			defaultConfigurationName = Release;
		};
		BDB63DB719D28BFB003027D8 /* Build configuration list for PBXNativeTarget "RingPractice" */ = {
			isa = XCConfigurationList;
			buildConfigurations = (
				BDB63DB819D28BFB003027D8 /* Debug */,
				BDB63DB919D28BFB003027D8 /* Release */,
			);
			defaultConfigurationIsVisible = 0;
		};
		BDB63DBA19D28BFB003027D8 /* Build configuration list for PBXNativeTarget "RingPracticeTests" */ = {
			isa = XCConfigurationList;
			buildConfigurations = (
				BDB63DBB19D28BFB003027D8 /* Debug */,
				BDB63DBC19D28BFB003027D8 /* Release */,
			);
			defaultConfigurationIsVisible = 0;
		};
/* End XCConfigurationList section */
	};
	rootObject = BDB63D8C19D28BFB003027D8 /* Project object */;
}
